
Microsoft Visual Studio Solution File, Format Version 12.00
# Visual Studio Version 17
VisualStudioVersion = 17.8.34330.188
MinimumVisualStudioVersion = 10.0.40219.1
Project("{9A19103F-16F7-4668-BE54-9A1E7A4F7556}") = "Web.Api.ToDoTasks.Server", "Web.Api.ToDoTasks.Server\Web.Api.ToDoTasks.Server.csproj", "{CFEEAA12-1235-47DE-B62F-F3992B1F23AD}"
EndProject
Project("{54A90642-561A-4BB1-A94E-469ADEE60C69}") = "web.api.todotasks.client", "web.api.todotasks.client\web.api.todotasks.client.esproj", "{AB928417-62C6-44AC-B9B7-CD53DCB74873}"
EndProject
Project("{FAE04EC0-301F-11D3-BF4B-00C04F79EFBC}") = "Web.Api.ToDoTasks.Server.Test", "Web.Api.ToDoTasks.Server.Test\Web.Api.ToDoTasks.Server.Test.csproj", "{9A0D60A5-B66C-42C0-8E68-E3950B9AF4B2}"
EndProject
Global
	GlobalSection(SolutionConfigurationPlatforms) = preSolution
		Debug|Any CPU = Debug|Any CPU
		Release|Any CPU = Release|Any CPU
	EndGlobalSection
	GlobalSection(ProjectConfigurationPlatforms) = postSolution
		{CFEEAA12-1235-47DE-B62F-F3992B1F23AD}.Debug|Any CPU.ActiveCfg = Debug|Any CPU
		{CFEEAA12-1235-47DE-B62F-F3992B1F23AD}.Debug|Any CPU.Build.0 = Debug|Any CPU
		{CFEEAA12-1235-47DE-B62F-F3992B1F23AD}.Release|Any CPU.ActiveCfg = Release|Any CPU
		{CFEEAA12-1235-47DE-B62F-F3992B1F23AD}.Release|Any CPU.Build.0 = Release|Any CPU
		{AB928417-62C6-44AC-B9B7-CD53DCB74873}.Debug|Any CPU.ActiveCfg = Debug|Any CPU
		{AB928417-62C6-44AC-B9B7-CD53DCB74873}.Debug|Any CPU.Build.0 = Debug|Any CPU
		{AB928417-62C6-44AC-B9B7-CD53DCB74873}.Debug|Any CPU.Deploy.0 = Debug|Any CPU
		{AB928417-62C6-44AC-B9B7-CD53DCB74873}.Release|Any CPU.ActiveCfg = Release|Any CPU
		{AB928417-62C6-44AC-B9B7-CD53DCB74873}.Release|Any CPU.Build.0 = Release|Any CPU
		{AB928417-62C6-44AC-B9B7-CD53DCB74873}.Release|Any CPU.Deploy.0 = Release|Any CPU
		{9A0D60A5-B66C-42C0-8E68-E3950B9AF4B2}.Debug|Any CPU.ActiveCfg = Debug|Any CPU
		{9A0D60A5-B66C-42C0-8E68-E3950B9AF4B2}.Debug|Any CPU.Build.0 = Debug|Any CPU
		{9A0D60A5-B66C-42C0-8E68-E3950B9AF4B2}.Release|Any CPU.ActiveCfg = Release|Any CPU
		{9A0D60A5-B66C-42C0-8E68-E3950B9AF4B2}.Release|Any CPU.Build.0 = Release|Any CPU
	EndGlobalSection
	GlobalSection(SolutionProperties) = preSolution
		HideSolutionNode = FALSE
	EndGlobalSection
	GlobalSection(ExtensibilityGlobals) = postSolution
		SolutionGuid = {0A63ED6C-87C9-4C56-82C3-89A1B322113B}
	EndGlobalSection
EndGlobal
